
Microsoft Visual Studio Solution File, Format Version 12.00
# Visual Studio Version 17
VisualStudioVersion = 17.9.34616.47
MinimumVisualStudioVersion = 10.0.40219.1
Project("{FAE04EC0-301F-11D3-BF4B-00C04F79EFBC}") = "HouseRentingSystem", "HouseRentingSystem\HouseRentingSystem.csproj", "{9FECABA4-DD25-4BB9-BFC0-6E88D76FB2DF}"
EndProject
Project("{FAE04EC0-301F-11D3-BF4B-00C04F79EFBC}") = "HouseRentingSystem.Common", "HouseRentingSystem.Common\HouseRentingSystem.Common.csproj", "{7020D92C-32E4-48D6-9B05-D620CC4094B7}"
EndProject
Global
	GlobalSection(SolutionConfigurationPlatforms) = preSolution
		Debug|Any CPU = Debug|Any CPU
		Release|Any CPU = Release|Any CPU
	EndGlobalSection
	GlobalSection(ProjectConfigurationPlatforms) = postSolution
		{9FECABA4-DD25-4BB9-BFC0-6E88D76FB2DF}.Debug|Any CPU.ActiveCfg = Debug|Any CPU
		{9FECABA4-DD25-4BB9-BFC0-6E88D76FB2DF}.Debug|Any CPU.Build.0 = Debug|Any CPU
		{9FECABA4-DD25-4BB9-BFC0-6E88D76FB2DF}.Release|Any CPU.ActiveCfg = Release|Any CPU
		{9FECABA4-DD25-4BB9-BFC0-6E88D76FB2DF}.Release|Any CPU.Build.0 = Release|Any CPU
		{7020D92C-32E4-48D6-9B05-D620CC4094B7}.Debug|Any CPU.ActiveCfg = Debug|Any CPU
		{7020D92C-32E4-48D6-9B05-D620CC4094B7}.Debug|Any CPU.Build.0 = Debug|Any CPU
		{7020D92C-32E4-48D6-9B05-D620CC4094B7}.Release|Any CPU.ActiveCfg = Release|Any CPU
		{7020D92C-32E4-48D6-9B05-D620CC4094B7}.Release|Any CPU.Build.0 = Release|Any CPU
	EndGlobalSection
	GlobalSection(SolutionProperties) = preSolution
		HideSolutionNode = FALSE
	EndGlobalSection
	GlobalSection(ExtensibilityGlobals) = postSolution
		SolutionGuid = {5B42B9E0-A5CB-4273-950F-FAC7534FD652}
	EndGlobalSection
EndGlobal
